
Microsoft Visual Studio Solution File, Format Version 12.00
# Visual Studio Version 17
VisualStudioVersion = 17.4.33110.190
MinimumVisualStudioVersion = 10.0.40219.1
Project("{8BC9CEB8-8B4A-11D0-8D11-00A0C91BC942}") = "UML", "UML\UML.vcxproj", "{96645E41-91DB-48F4-B745-7AFE66FF17D2}"
EndProject
Project("{8BC9CEB8-8B4A-11D0-8D11-00A0C91BC942}") = "Car", "Car\Car.vcxproj", "{DACD36FD-4504-42CD-AC92-1FBF643CFF75}"
EndProject
Project("{8BC9CEB8-8B4A-11D0-8D11-00A0C91BC942}") = "Treads", "Treads\Treads.vcxproj", "{5229E0F1-67EB-408F-8A6A-FE460EB3B6DE}"
EndProject
Global
	GlobalSection(SolutionConfigurationPlatforms) = preSolution
		Debug|x64 = Debug|x64
		Debug|x86 = Debug|x86
		Release|x64 = Release|x64
		Release|x86 = Release|x86
	EndGlobalSection
	GlobalSection(ProjectConfigurationPlatforms) = postSolution
		{96645E41-91DB-48F4-B745-7AFE66FF17D2}.Debug|x64.ActiveCfg = Debug|x64
		{96645E41-91DB-48F4-B745-7AFE66FF17D2}.Debug|x64.Build.0 = Debug|x64
		{96645E41-91DB-48F4-B745-7AFE66FF17D2}.Debug|x86.ActiveCfg = Debug|Win32
		{96645E41-91DB-48F4-B745-7AFE66FF17D2}.Debug|x86.Build.0 = Debug|Win32
		{96645E41-91DB-48F4-B745-7AFE66FF17D2}.Release|x64.ActiveCfg = Release|x64
		{96645E41-91DB-48F4-B745-7AFE66FF17D2}.Release|x64.Build.0 = Release|x64
		{96645E41-91DB-48F4-B745-7AFE66FF17D2}.Release|x86.ActiveCfg = Release|Win32
		{96645E41-91DB-48F4-B745-7AFE66FF17D2}.Release|x86.Build.0 = Release|Win32
		{DACD36FD-4504-42CD-AC92-1FBF643CFF75}.Debug|x64.ActiveCfg = Debug|x64
		{DACD36FD-4504-42CD-AC92-1FBF643CFF75}.Debug|x64.Build.0 = Debug|x64
		{DACD36FD-4504-42CD-AC92-1FBF643CFF75}.Debug|x86.ActiveCfg = Debug|Win32
		{DACD36FD-4504-42CD-AC92-1FBF643CFF75}.Debug|x86.Build.0 = Debug|Win32
		{DACD36FD-4504-42CD-AC92-1FBF643CFF75}.Release|x64.ActiveCfg = Release|x64
		{DACD36FD-4504-42CD-AC92-1FBF643CFF75}.Release|x64.Build.0 = Release|x64
		{DACD36FD-4504-42CD-AC92-1FBF643CFF75}.Release|x86.ActiveCfg = Release|Win32
		{DACD36FD-4504-42CD-AC92-1FBF643CFF75}.Release|x86.Build.0 = Release|Win32
		{5229E0F1-67EB-408F-8A6A-FE460EB3B6DE}.Debug|x64.ActiveCfg = Debug|x64
		{5229E0F1-67EB-408F-8A6A-FE460EB3B6DE}.Debug|x64.Build.0 = Debug|x64
		{5229E0F1-67EB-408F-8A6A-FE460EB3B6DE}.Debug|x86.ActiveCfg = Debug|Win32
		{5229E0F1-67EB-408F-8A6A-FE460EB3B6DE}.Debug|x86.Build.0 = Debug|Win32
		{5229E0F1-67EB-408F-8A6A-FE460EB3B6DE}.Release|x64.ActiveCfg = Release|x64
		{5229E0F1-67EB-408F-8A6A-FE460EB3B6DE}.Release|x64.Build.0 = Release|x64
		{5229E0F1-67EB-408F-8A6A-FE460EB3B6DE}.Release|x86.ActiveCfg = Release|Win32
		{5229E0F1-67EB-408F-8A6A-FE460EB3B6DE}.Release|x86.Build.0 = Release|Win32
	EndGlobalSection
	GlobalSection(SolutionProperties) = preSolution
		HideSolutionNode = FALSE
	EndGlobalSection
	GlobalSection(ExtensibilityGlobals) = postSolution
		SolutionGuid = {6965D4A9-5BB5-456A-A8B1-E30C5333ED5E}
	EndGlobalSection
EndGlobal
